
Microsoft Visual Studio Solution File, Format Version 12.00
# Visual Studio Version 17
VisualStudioVersion = 17.0.31903.59
MinimumVisualStudioVersion = 10.0.40219.1
Project("{FAE04EC0-301F-11D3-BF4B-00C04F79EFBC}") = "API", "API\API.csproj", "{2410B97B-A0F6-44A9-98EE-A413DC3BC644}"
EndProject
Project("{FAE04EC0-301F-11D3-BF4B-00C04F79EFBC}") = "Domain", "Domain\Domain.csproj", "{EC1D3344-B084-427F-AA41-1E930E1BC2C1}"
EndProject
Project("{FAE04EC0-301F-11D3-BF4B-00C04F79EFBC}") = "Application", "Application\Application.csproj", "{ECFFDF01-D858-4C51-9123-A4597934336D}"
EndProject
Project("{FAE04EC0-301F-11D3-BF4B-00C04F79EFBC}") = "Persistence", "Persistence\Persistence.csproj", "{11E5019E-712E-418A-BDD8-A56C923E8065}"
EndProject
Project("{FAE04EC0-301F-11D3-BF4B-00C04F79EFBC}") = "Infrastructure", "Infrastructure\Infrastructure.csproj", "{AF11E258-C374-46C8-B419-8F99E837777C}"
EndProject
Project("{FAE04EC0-301F-11D3-BF4B-00C04F79EFBC}") = "ReactiveUnitTest", "ReactiveUnitTest\ReactiveUnitTest.csproj", "{E1CAF6A2-829F-4AEC-B8A1-26D039B33C91}"
EndProject
Global
	GlobalSection(SolutionConfigurationPlatforms) = preSolution
		Debug|Any CPU = Debug|Any CPU
		Debug|x64 = Debug|x64
		Debug|x86 = Debug|x86
		Release|Any CPU = Release|Any CPU
		Release|x64 = Release|x64
		Release|x86 = Release|x86
	EndGlobalSection
	GlobalSection(ProjectConfigurationPlatforms) = postSolution
		{2410B97B-A0F6-44A9-98EE-A413DC3BC644}.Debug|Any CPU.ActiveCfg = Debug|Any CPU
		{2410B97B-A0F6-44A9-98EE-A413DC3BC644}.Debug|Any CPU.Build.0 = Debug|Any CPU
		{2410B97B-A0F6-44A9-98EE-A413DC3BC644}.Debug|x64.ActiveCfg = Debug|Any CPU
		{2410B97B-A0F6-44A9-98EE-A413DC3BC644}.Debug|x64.Build.0 = Debug|Any CPU
		{2410B97B-A0F6-44A9-98EE-A413DC3BC644}.Debug|x86.ActiveCfg = Debug|Any CPU
		{2410B97B-A0F6-44A9-98EE-A413DC3BC644}.Debug|x86.Build.0 = Debug|Any CPU
		{2410B97B-A0F6-44A9-98EE-A413DC3BC644}.Release|Any CPU.ActiveCfg = Release|Any CPU
		{2410B97B-A0F6-44A9-98EE-A413DC3BC644}.Release|Any CPU.Build.0 = Release|Any CPU
		{2410B97B-A0F6-44A9-98EE-A413DC3BC644}.Release|x64.ActiveCfg = Release|Any CPU
		{2410B97B-A0F6-44A9-98EE-A413DC3BC644}.Release|x64.Build.0 = Release|Any CPU
		{2410B97B-A0F6-44A9-98EE-A413DC3BC644}.Release|x86.ActiveCfg = Release|Any CPU
		{2410B97B-A0F6-44A9-98EE-A413DC3BC644}.Release|x86.Build.0 = Release|Any CPU
		{EC1D3344-B084-427F-AA41-1E930E1BC2C1}.Debug|Any CPU.ActiveCfg = Debug|Any CPU
		{EC1D3344-B084-427F-AA41-1E930E1BC2C1}.Debug|Any CPU.Build.0 = Debug|Any CPU
		{EC1D3344-B084-427F-AA41-1E930E1BC2C1}.Debug|x64.ActiveCfg = Debug|Any CPU
		{EC1D3344-B084-427F-AA41-1E930E1BC2C1}.Debug|x64.Build.0 = Debug|Any CPU
		{EC1D3344-B084-427F-AA41-1E930E1BC2C1}.Debug|x86.ActiveCfg = Debug|Any CPU
		{EC1D3344-B084-427F-AA41-1E930E1BC2C1}.Debug|x86.Build.0 = Debug|Any CPU
		{EC1D3344-B084-427F-AA41-1E930E1BC2C1}.Release|Any CPU.ActiveCfg = Release|Any CPU
		{EC1D3344-B084-427F-AA41-1E930E1BC2C1}.Release|Any CPU.Build.0 = Release|Any CPU
		{EC1D3344-B084-427F-AA41-1E930E1BC2C1}.Release|x64.ActiveCfg = Release|Any CPU
		{EC1D3344-B084-427F-AA41-1E930E1BC2C1}.Release|x64.Build.0 = Release|Any CPU
		{EC1D3344-B084-427F-AA41-1E930E1BC2C1}.Release|x86.ActiveCfg = Release|Any CPU
		{EC1D3344-B084-427F-AA41-1E930E1BC2C1}.Release|x86.Build.0 = Release|Any CPU
		{ECFFDF01-D858-4C51-9123-A4597934336D}.Debug|Any CPU.ActiveCfg = Debug|Any CPU
		{ECFFDF01-D858-4C51-9123-A4597934336D}.Debug|Any CPU.Build.0 = Debug|Any CPU
		{ECFFDF01-D858-4C51-9123-A4597934336D}.Debug|x64.ActiveCfg = Debug|Any CPU
		{ECFFDF01-D858-4C51-9123-A4597934336D}.Debug|x64.Build.0 = Debug|Any CPU
		{ECFFDF01-D858-4C51-9123-A4597934336D}.Debug|x86.ActiveCfg = Debug|Any CPU
		{ECFFDF01-D858-4C51-9123-A4597934336D}.Debug|x86.Build.0 = Debug|Any CPU
		{ECFFDF01-D858-4C51-9123-A4597934336D}.Release|Any CPU.ActiveCfg = Release|Any CPU
		{ECFFDF01-D858-4C51-9123-A4597934336D}.Release|Any CPU.Build.0 = Release|Any CPU
		{ECFFDF01-D858-4C51-9123-A4597934336D}.Release|x64.ActiveCfg = Release|Any CPU
		{ECFFDF01-D858-4C51-9123-A4597934336D}.Release|x64.Build.0 = Release|Any CPU
		{ECFFDF01-D858-4C51-9123-A4597934336D}.Release|x86.ActiveCfg = Release|Any CPU
		{ECFFDF01-D858-4C51-9123-A4597934336D}.Release|x86.Build.0 = Release|Any CPU
		{11E5019E-712E-418A-BDD8-A56C923E8065}.Debug|Any CPU.ActiveCfg = Debug|Any CPU
		{11E5019E-712E-418A-BDD8-A56C923E8065}.Debug|Any CPU.Build.0 = Debug|Any CPU
		{11E5019E-712E-418A-BDD8-A56C923E8065}.Debug|x64.ActiveCfg = Debug|Any CPU
		{11E5019E-712E-418A-BDD8-A56C923E8065}.Debug|x64.Build.0 = Debug|Any CPU
		{11E5019E-712E-418A-BDD8-A56C923E8065}.Debug|x86.ActiveCfg = Debug|Any CPU
		{11E5019E-712E-418A-BDD8-A56C923E8065}.Debug|x86.Build.0 = Debug|Any CPU
		{11E5019E-712E-418A-BDD8-A56C923E8065}.Release|Any CPU.ActiveCfg = Release|Any CPU
		{11E5019E-712E-418A-BDD8-A56C923E8065}.Release|Any CPU.Build.0 = Release|Any CPU
		{11E5019E-712E-418A-BDD8-A56C923E8065}.Release|x64.ActiveCfg = Release|Any CPU
		{11E5019E-712E-418A-BDD8-A56C923E8065}.Release|x64.Build.0 = Release|Any CPU
		{11E5019E-712E-418A-BDD8-A56C923E8065}.Release|x86.ActiveCfg = Release|Any CPU
		{11E5019E-712E-418A-BDD8-A56C923E8065}.Release|x86.Build.0 = Release|Any CPU
		{AF11E258-C374-46C8-B419-8F99E837777C}.Debug|Any CPU.ActiveCfg = Debug|Any CPU
		{AF11E258-C374-46C8-B419-8F99E837777C}.Debug|Any CPU.Build.0 = Debug|Any CPU
		{AF11E258-C374-46C8-B419-8F99E837777C}.Debug|x64.ActiveCfg = Debug|Any CPU
		{AF11E258-C374-46C8-B419-8F99E837777C}.Debug|x64.Build.0 = Debug|Any CPU
		{AF11E258-C374-46C8-B419-8F99E837777C}.Debug|x86.ActiveCfg = Debug|Any CPU
		{AF11E258-C374-46C8-B419-8F99E837777C}.Debug|x86.Build.0 = Debug|Any CPU
		{AF11E258-C374-46C8-B419-8F99E837777C}.Release|Any CPU.ActiveCfg = Release|Any CPU
		{AF11E258-C374-46C8-B419-8F99E837777C}.Release|Any CPU.Build.0 = Release|Any CPU
		{AF11E258-C374-46C8-B419-8F99E837777C}.Release|x64.ActiveCfg = Release|Any CPU
		{AF11E258-C374-46C8-B419-8F99E837777C}.Release|x64.Build.0 = Release|Any CPU
		{AF11E258-C374-46C8-B419-8F99E837777C}.Release|x86.ActiveCfg = Release|Any CPU
		{AF11E258-C374-46C8-B419-8F99E837777C}.Release|x86.Build.0 = Release|Any CPU
		{E1CAF6A2-829F-4AEC-B8A1-26D039B33C91}.Debug|Any CPU.ActiveCfg = Debug|Any CPU
		{E1CAF6A2-829F-4AEC-B8A1-26D039B33C91}.Debug|Any CPU.Build.0 = Debug|Any CPU
		{E1CAF6A2-829F-4AEC-B8A1-26D039B33C91}.Debug|x64.ActiveCfg = Debug|Any CPU
		{E1CAF6A2-829F-4AEC-B8A1-26D039B33C91}.Debug|x64.Build.0 = Debug|Any CPU
		{E1CAF6A2-829F-4AEC-B8A1-26D039B33C91}.Debug|x86.ActiveCfg = Debug|Any CPU
		{E1CAF6A2-829F-4AEC-B8A1-26D039B33C91}.Debug|x86.Build.0 = Debug|Any CPU
		{E1CAF6A2-829F-4AEC-B8A1-26D039B33C91}.Release|Any CPU.ActiveCfg = Release|Any CPU
		{E1CAF6A2-829F-4AEC-B8A1-26D039B33C91}.Release|Any CPU.Build.0 = Release|Any CPU
		{E1CAF6A2-829F-4AEC-B8A1-26D039B33C91}.Release|x64.ActiveCfg = Release|Any CPU
		{E1CAF6A2-829F-4AEC-B8A1-26D039B33C91}.Release|x64.Build.0 = Release|Any CPU
		{E1CAF6A2-829F-4AEC-B8A1-26D039B33C91}.Release|x86.ActiveCfg = Release|Any CPU
		{E1CAF6A2-829F-4AEC-B8A1-26D039B33C91}.Release|x86.Build.0 = Release|Any CPU
	EndGlobalSection
	GlobalSection(SolutionProperties) = preSolution
		HideSolutionNode = FALSE
	EndGlobalSection
EndGlobal
